{
  "name": "@zerobias-org/compliance_context-zerobias-f_asm",
  "version": "1.0.0",
  "lockfileVersion": 2,
  "requires": true,
  "packages": {
    "": {
      "name": "@zerobias-org/compliance_context-zerobias-f_asm",
      "version": "1.0.0",
      "license": "ISC",
      "dependencies": {
        "@auditlogic/vendor-zerobias": "latest",
        "@zerobias-org/segment-zerobias-t_caasm": "latest",
        "@zerobias-org/segment-zerobias-t_easm": "latest"
      }
    },
    "node_modules/@auditlogic/vendor-zerobias": {
      "version": "1.0.0",
      "resolved": "https://pkg.zerobias.org/@auditlogic/vendor-zerobias/-/e051a99849948ce67721da0d5215aae8e293906e",
      "integrity": "sha512-+rgU3lJDY04mkQxk8jwKWtCTDVUIDxH5YitnJbp3gNecFqCIIaq6GUXH06ZMSi8pcivWMOuYilyXPYdVlmT2Gw=="
    },
    "node_modules/@zerobias-org/segment_type-zerobias": {
      "version": "1.0.15",
      "resolved": "https://pkg.zerobias.org/@zerobias-org/segment_type-zerobias/-/segment_type-zerobias-1.0.15.tgz",
      "integrity": "sha512-nYJGXCMnk0LEkogHobbS7+HwRr4aSY2yj1wiG9HqZ6aCKDja2PSha5AVzQFUUY4nN5QlCJoDdKiQPKiqxPf4uw==",
      "dependencies": {
        "@auditlogic/vendor-zerobias": "^1.0.0"
      }
    },
    "node_modules/@zerobias-org/segment-zerobias-c_em": {
      "version": "1.0.2",
      "resolved": "https://pkg.zerobias.org/@zerobias-org/segment-zerobias-c_em/-/segment-zerobias-c_em-1.0.2.tgz",
      "integrity": "sha512-fiwjRO5+AinNeTkAtgwLyMpzvXUKBUh1WkAa3cOAZ+de8hA3Ig1AWjLEQN839zgfXty3zPAjzwuOQDpPiv/f6w==",
      "dependencies": {
        "@auditlogic/vendor-zerobias": "latest",
        "@zerobias-org/segment_type-zerobias": "latest",
        "@zerobias-org/segment-zerobias-d_cs": "latest"
      }
    },
    "node_modules/@zerobias-org/segment-zerobias-d_cs": {
      "version": "1.0.2",
      "resolved": "https://pkg.zerobias.org/@zerobias-org/segment-zerobias-d_cs/-/segment-zerobias-d_cs-1.0.2.tgz",
      "integrity": "sha512-L+nUPbx914I0CjBiDtWoPgLf0cmterwKA8PJ8hUHZttGkxEPpbKdprjtpdFqvBLL4h7PejnalGJCZAVP5gHCyw==",
      "dependencies": {
        "@auditlogic/vendor-zerobias": "latest",
        "@zerobias-org/segment_type-zerobias": "latest"
      }
    },
    "node_modules/@zerobias-org/segment-zerobias-t_caasm": {
      "version": "1.0.2",
      "resolved": "https://pkg.zerobias.org/@zerobias-org/segment-zerobias-t_caasm/-/segment-zerobias-t_caasm-1.0.2.tgz",
      "integrity": "sha512-uxbG9pRjtxwsa2eDb23oaZXGAa5cwNdnG0ertz3KIh3hIAKec+U3JvDzc+IiKEFzVjA6I9VpzFkwuSuTMHhS+A==",
      "dependencies": {
        "@auditlogic/vendor-zerobias": "latest",
        "@zerobias-org/segment_type-zerobias": "latest",
        "@zerobias-org/segment-zerobias-c_em": "latest"
      }
    },
    "node_modules/@zerobias-org/segment-zerobias-t_easm": {
      "version": "1.0.2",
      "resolved": "https://pkg.zerobias.org/@zerobias-org/segment-zerobias-t_easm/-/segment-zerobias-t_easm-1.0.2.tgz",
      "integrity": "sha512-+mRR/CuJJE6K8V5ZwT778AeTPX9zndJTlhNlWxZmgrVL3xSIlQnV5OSeAy1iHfatDP9sUrW8289tex9S2uyCaQ==",
      "dependencies": {
        "@auditlogic/vendor-zerobias": "latest",
        "@zerobias-org/segment_type-zerobias": "latest",
        "@zerobias-org/segment-zerobias-c_em": "latest"
      }
    }
  },
  "dependencies": {
    "@auditlogic/vendor-zerobias": {
      "version": "1.0.0",
      "resolved": "https://pkg.zerobias.org/@auditlogic/vendor-zerobias/-/e051a99849948ce67721da0d5215aae8e293906e",
      "integrity": "sha512-+rgU3lJDY04mkQxk8jwKWtCTDVUIDxH5YitnJbp3gNecFqCIIaq6GUXH06ZMSi8pcivWMOuYilyXPYdVlmT2Gw=="
    },
    "@zerobias-org/segment_type-zerobias": {
      "version": "1.0.15",
      "resolved": "https://pkg.zerobias.org/@zerobias-org/segment_type-zerobias/-/segment_type-zerobias-1.0.15.tgz",
      "integrity": "sha512-nYJGXCMnk0LEkogHobbS7+HwRr4aSY2yj1wiG9HqZ6aCKDja2PSha5AVzQFUUY4nN5QlCJoDdKiQPKiqxPf4uw==",
      "requires": {
        "@auditlogic/vendor-zerobias": "^1.0.0"
      }
    },
    "@zerobias-org/segment-zerobias-c_em": {
      "version": "1.0.2",
      "resolved": "https://pkg.zerobias.org/@zerobias-org/segment-zerobias-c_em/-/segment-zerobias-c_em-1.0.2.tgz",
      "integrity": "sha512-fiwjRO5+AinNeTkAtgwLyMpzvXUKBUh1WkAa3cOAZ+de8hA3Ig1AWjLEQN839zgfXty3zPAjzwuOQDpPiv/f6w==",
      "requires": {
        "@auditlogic/vendor-zerobias": "latest",
        "@zerobias-org/segment_type-zerobias": "latest",
        "@zerobias-org/segment-zerobias-d_cs": "latest"
      }
    },
    "@zerobias-org/segment-zerobias-d_cs": {
      "version": "1.0.2",
      "resolved": "https://pkg.zerobias.org/@zerobias-org/segment-zerobias-d_cs/-/segment-zerobias-d_cs-1.0.2.tgz",
      "integrity": "sha512-L+nUPbx914I0CjBiDtWoPgLf0cmterwKA8PJ8hUHZttGkxEPpbKdprjtpdFqvBLL4h7PejnalGJCZAVP5gHCyw==",
      "requires": {
        "@auditlogic/vendor-zerobias": "latest",
        "@zerobias-org/segment_type-zerobias": "latest"
      }
    },
    "@zerobias-org/segment-zerobias-t_caasm": {
      "version": "1.0.2",
      "resolved": "https://pkg.zerobias.org/@zerobias-org/segment-zerobias-t_caasm/-/segment-zerobias-t_caasm-1.0.2.tgz",
      "integrity": "sha512-uxbG9pRjtxwsa2eDb23oaZXGAa5cwNdnG0ertz3KIh3hIAKec+U3JvDzc+IiKEFzVjA6I9VpzFkwuSuTMHhS+A==",
      "requires": {
        "@auditlogic/vendor-zerobias": "latest",
        "@zerobias-org/segment_type-zerobias": "latest",
        "@zerobias-org/segment-zerobias-c_em": "latest"
      }
    },
    "@zerobias-org/segment-zerobias-t_easm": {
      "version": "1.0.2",
      "resolved": "https://pkg.zerobias.org/@zerobias-org/segment-zerobias-t_easm/-/segment-zerobias-t_easm-1.0.2.tgz",
      "integrity": "sha512-+mRR/CuJJE6K8V5ZwT778AeTPX9zndJTlhNlWxZmgrVL3xSIlQnV5OSeAy1iHfatDP9sUrW8289tex9S2uyCaQ==",
      "requires": {
        "@auditlogic/vendor-zerobias": "latest",
        "@zerobias-org/segment_type-zerobias": "latest",
        "@zerobias-org/segment-zerobias-c_em": "latest"
      }
    }
  }
}
